// !$*UTF8*$!
{
	archiveVersion = 1;
	classes = {
	};
	objectVersion = 56;
	objects = {

/* Begin PBXBuildFile section */
		AFA86FCD2B71260800977B0C /* AppDelegate.swift in Sources */ = {isa = PBXBuildFile; fileRef = AFA86FCC2B71260800977B0C /* AppDelegate.swift */; };
		AFA86FCF2B71260800977B0C /* SceneDelegate.swift in Sources */ = {isa = PBXBuildFile; fileRef = AFA86FCE2B71260800977B0C /* SceneDelegate.swift */; };
		AFA86FD12B71260800977B0C /* HomeViewController.swift in Sources */ = {isa = PBXBuildFile; fileRef = AFA86FD02B71260800977B0C /* HomeViewController.swift */; };
		AFA86FD62B71260900977B0C /* Assets.xcassets in Resources */ = {isa = PBXBuildFile; fileRef = AFA86FD52B71260900977B0C /* Assets.xcassets */; };
		AFA86FD92B71260900977B0C /* LaunchScreen.storyboard in Resources */ = {isa = PBXBuildFile; fileRef = AFA86FD72B71260900977B0C /* LaunchScreen.storyboard */; };
		AFA86FE12B71338000977B0C /* NextViewController.swift in Sources */ = {isa = PBXBuildFile; fileRef = AFA86FE02B71338000977B0C /* NextViewController.swift */; };
		AFA86FE32B71364000977B0C /* UserTabBarController.swift in Sources */ = {isa = PBXBuildFile; fileRef = AFA86FE22B71364000977B0C /* UserTabBarController.swift */; };
		AFA86FE52B7136D400977B0C /* SearchViewController.swift in Sources */ = {isa = PBXBuildFile; fileRef = AFA86FE42B7136D400977B0C /* SearchViewController.swift */; };
		AFA86FE72B7136E600977B0C /* ProfileViewController.swift in Sources */ = {isa = PBXBuildFile; fileRef = AFA86FE62B7136E600977B0C /* ProfileViewController.swift */; };
		AFA86FE92B713AD300977B0C /* GuestTabBarController.swift in Sources */ = {isa = PBXBuildFile; fileRef = AFA86FE82B713AD300977B0C /* GuestTabBarController.swift */; };
		AFA86FEB2B713B6B00977B0C /* LoginViewController.swift in Sources */ = {isa = PBXBuildFile; fileRef = AFA86FEA2B713B6B00977B0C /* LoginViewController.swift */; };
/* End PBXBuildFile section */

/* Begin PBXFileReference section */
		AFA86FC92B71260800977B0C /* ProgrammaticNavigation.app */ = {isa = PBXFileReference; explicitFileType = wrapper.application; includeInIndex = 0; path = ProgrammaticNavigation.app; sourceTree = BUILT_PRODUCTS_DIR; };
		AFA86FCC2B71260800977B0C /* AppDelegate.swift */ = {isa = PBXFileReference; lastKnownFileType = sourcecode.swift; path = AppDelegate.swift; sourceTree = "<group>"; };
		AFA86FCE2B71260800977B0C /* SceneDelegate.swift */ = {isa = PBXFileReference; lastKnownFileType = sourcecode.swift; path = SceneDelegate.swift; sourceTree = "<group>"; };
		AFA86FD02B71260800977B0C /* HomeViewController.swift */ = {isa = PBXFileReference; lastKnownFileType = sourcecode.swift; path = HomeViewController.swift; sourceTree = "<group>"; };
		AFA86FD52B71260900977B0C /* Assets.xcassets */ = {isa = PBXFileReference; lastKnownFileType = folder.assetcatalog; path = Assets.xcassets; sourceTree = "<group>"; };
		AFA86FD82B71260900977B0C /* Base */ = {isa = PBXFileReference; lastKnownFileType = file.storyboard; name = Base; path = Base.lproj/LaunchScreen.storyboard; sourceTree = "<group>"; };
		AFA86FDA2B71260900977B0C /* Info.plist */ = {isa = PBXFileReference; lastKnownFileType = text.plist.xml; path = Info.plist; sourceTree = "<group>"; };
		AFA86FE02B71338000977B0C /* NextViewController.swift */ = {isa = PBXFileReference; lastKnownFileType = sourcecode.swift; path = NextViewController.swift; sourceTree = "<group>"; };
		AFA86FE22B71364000977B0C /* UserTabBarController.swift */ = {isa = PBXFileReference; lastKnownFileType = sourcecode.swift; path = UserTabBarController.swift; sourceTree = "<group>"; };
		AFA86FE42B7136D400977B0C /* SearchViewController.swift */ = {isa = PBXFileReference; lastKnownFileType = sourcecode.swift; path = SearchViewController.swift; sourceTree = "<group>"; };
		AFA86FE62B7136E600977B0C /* ProfileViewController.swift */ = {isa = PBXFileReference; lastKnownFileType = sourcecode.swift; path = ProfileViewController.swift; sourceTree = "<group>"; };
		AFA86FE82B713AD300977B0C /* GuestTabBarController.swift */ = {isa = PBXFileReference; lastKnownFileType = sourcecode.swift; path = GuestTabBarController.swift; sourceTree = "<group>"; };
		AFA86FEA2B713B6B00977B0C /* LoginViewController.swift */ = {isa = PBXFileReference; lastKnownFileType = sourcecode.swift; path = LoginViewController.swift; sourceTree = "<group>"; };
/* End PBXFileReference section */

/* Begin PBXFrameworksBuildPhase section */
		AFA86FC62B71260800977B0C /* Frameworks */ = {
			isa = PBXFrameworksBuildPhase;
			buildActionMask = 2147483647;
			files = (
			);
			runOnlyForDeploymentPostprocessing = 0;
		};
/* End PBXFrameworksBuildPhase section */

/* Begin PBXGroup section */
		AFA86FC02B71260800977B0C = {
			isa = PBXGroup;
			children = (
				AFA86FCB2B71260800977B0C /* ProgrammaticNavigation */,
				AFA86FCA2B71260800977B0C /* Products */,
			);
			sourceTree = "<group>";
		};
		AFA86FCA2B71260800977B0C /* Products */ = {
			isa = PBXGroup;
			children = (
				AFA86FC92B71260800977B0C /* ProgrammaticNavigation.app */,
			);
			name = Products;
			sourceTree = "<group>";
		};
		AFA86FCB2B71260800977B0C /* ProgrammaticNavigation */ = {
			isa = PBXGroup;
			children = (
				AFA86FCC2B71260800977B0C /* AppDelegate.swift */,
				AFA86FCE2B71260800977B0C /* SceneDelegate.swift */,
				AFA86FD02B71260800977B0C /* HomeViewController.swift */,
				AFA86FE02B71338000977B0C /* NextViewController.swift */,
				AFA86FE22B71364000977B0C /* UserTabBarController.swift */,
				AFA86FE42B7136D400977B0C /* SearchViewController.swift */,
				AFA86FE62B7136E600977B0C /* ProfileViewController.swift */,
				AFA86FE82B713AD300977B0C /* GuestTabBarController.swift */,
				AFA86FEA2B713B6B00977B0C /* LoginViewController.swift */,
				AFA86FD52B71260900977B0C /* Assets.xcassets */,
				AFA86FD72B71260900977B0C /* LaunchScreen.storyboard */,
				AFA86FDA2B71260900977B0C /* Info.plist */,
			);
			path = ProgrammaticNavigation;
			sourceTree = "<group>";
		};
/* End PBXGroup section */

/* Begin PBXNativeTarget section */
		AFA86FC82B71260800977B0C /* ProgrammaticNavigation */ = {
			isa = PBXNativeTarget;
			buildConfigurationList = AFA86FDD2B71260900977B0C /* Build configuration list for PBXNativeTarget "ProgrammaticNavigation" */;
			buildPhases = (
				AFA86FC52B71260800977B0C /* Sources */,
				AFA86FC62B71260800977B0C /* Frameworks */,
				AFA86FC72B71260800977B0C /* Resources */,
			);
			buildRules = (
			);
			dependencies = (
			);
			name = ProgrammaticNavigation;
			productName = ProgrammaticNavigation;
			productReference = AFA86FC92B71260800977B0C /* ProgrammaticNavigation.app */;
			productType = "com.apple.product-type.application";
		};
/* End PBXNativeTarget section */

/* Begin PBXProject section */
		AFA86FC12B71260800977B0C /* Project object */ = {
			isa = PBXProject;
			attributes = {
				BuildIndependentTargetsInParallel = 1;
				LastSwiftUpdateCheck = 1500;
				LastUpgradeCheck = 1500;
				TargetAttributes = {
					AFA86FC82B71260800977B0C = {
						CreatedOnToolsVersion = 15.0;
					};
				};
			};
			buildConfigurationList = AFA86FC42B71260800977B0C /* Build configuration list for PBXProject "ProgrammaticNavigation" */;
			compatibilityVersion = "Xcode 14.0";
			developmentRegion = en;
			hasScannedForEncodings = 0;
			knownRegions = (
				en,
				Base,
			);
			mainGroup = AFA86FC02B71260800977B0C;
			productRefGroup = AFA86FCA2B71260800977B0C /* Products */;
			projectDirPath = "";
			projectRoot = "";
			targets = (
				AFA86FC82B71260800977B0C /* ProgrammaticNavigation */,
			);
		};
/* End PBXProject section */

/* Begin PBXResourcesBuildPhase section */
		AFA86FC72B71260800977B0C /* Resources */ = {
			isa = PBXResourcesBuildPhase;
			buildActionMask = 2147483647;
			files = (
				AFA86FD92B71260900977B0C /* LaunchScreen.storyboard in Resources */,
				AFA86FD62B71260900977B0C /* Assets.xcassets in Resources */,
			);
			runOnlyForDeploymentPostprocessing = 0;
		};
/* End PBXResourcesBuildPhase section */

/* Begin PBXSourcesBuildPhase section */
		AFA86FC52B71260800977B0C /* Sources */ = {
			isa = PBXSourcesBuildPhase;
			buildActionMask = 2147483647;
			files = (
				AFA86FEB2B713B6B00977B0C /* LoginViewController.swift in Sources */,
				AFA86FE52B7136D400977B0C /* SearchViewController.swift in Sources */,
				AFA86FE32B71364000977B0C /* UserTabBarController.swift in Sources */,
				AFA86FD12B71260800977B0C /* HomeViewController.swift in Sources */,
				AFA86FE12B71338000977B0C /* NextViewController.swift in Sources */,
				AFA86FE72B7136E600977B0C /* ProfileViewController.swift in Sources */,
				AFA86FCD2B71260800977B0C /* AppDelegate.swift in Sources */,
				AFA86FCF2B71260800977B0C /* SceneDelegate.swift in Sources */,
				AFA86FE92B713AD300977B0C /* GuestTabBarController.swift in Sources */,
			);
			runOnlyForDeploymentPostprocessing = 0;
		};
/* End PBXSourcesBuildPhase section */

/* Begin PBXVariantGroup section */
		AFA86FD72B71260900977B0C /* LaunchScreen.storyboard */ = {
			isa = PBXVariantGroup;
			children = (
				AFA86FD82B71260900977B0C /* Base */,
			);
			name = LaunchScreen.storyboard;
			sourceTree = "<group>";
		};
/* End PBXVariantGroup section */

/* Begin XCBuildConfiguration section */
		AFA86FDB2B71260900977B0C /* Debug */ = {
			isa = XCBuildConfiguration;
			buildSettings = {
				ALWAYS_SEARCH_USER_PATHS = NO;
				ASSETCATALOG_COMPILER_GENERATE_SWIFT_ASSET_SYMBOL_EXTENSIONS = YES;
				CLANG_ANALYZER_NONNULL = YES;
				CLANG_ANALYZER_NUMBER_OBJECT_CONVERSION = YES_AGGRESSIVE;
				CLANG_CXX_LANGUAGE_STANDARD = "gnu++20";
				CLANG_ENABLE_MODULES = YES;
				CLANG_ENABLE_OBJC_ARC = YES;
				CLANG_ENABLE_OBJC_WEAK = YES;
				CLANG_WARN_BLOCK_CAPTURE_AUTORELEASING = YES;
				CLANG_WARN_BOOL_CONVERSION = YES;
				CLANG_WARN_COMMA = YES;
				CLANG_WARN_CONSTANT_CONVERSION = YES;
				CLANG_WARN_DEPRECATED_OBJC_IMPLEMENTATIONS = YES;
				CLANG_WARN_DIRECT_OBJC_ISA_USAGE = YES_ERROR;
				CLANG_WARN_DOCUMENTATION_COMMENTS = YES;
				CLANG_WARN_EMPTY_BODY = YES;
				CLANG_WARN_ENUM_CONVERSION = YES;
				CLANG_WARN_INFINITE_RECURSION = YES;
				CLANG_WARN_INT_CONVERSION = YES;
				CLANG_WARN_NON_LITERAL_NULL_CONVERSION = YES;
				CLANG_WARN_OBJC_IMPLICIT_RETAIN_SELF = YES;
				CLANG_WARN_OBJC_LITERAL_CONVERSION = YES;
				CLANG_WARN_OBJC_ROOT_CLASS = YES_ERROR;
				CLANG_WARN_QUOTED_INCLUDE_IN_FRAMEWORK_HEADER = YES;
				CLANG_WARN_RANGE_LOOP_ANALYSIS = YES;
				CLANG_WARN_STRICT_PROTOTYPES = YES;
				CLANG_WARN_SUSPICIOUS_MOVE = YES;
				CLANG_WARN_UNGUARDED_AVAILABILITY = YES_AGGRESSIVE;
				CLANG_WARN_UNREACHABLE_CODE = YES;
				CLANG_WARN__DUPLICATE_METHOD_MATCH = YES;
				COPY_PHASE_STRIP = NO;
				DEBUG_INFORMATION_FORMAT = dwarf;
				ENABLE_STRICT_OBJC_MSGSEND = YES;
				ENABLE_TESTABILITY = YES;
				ENABLE_USER_SCRIPT_SANDBOXING = YES;
				GCC_C_LANGUAGE_STANDARD = gnu17;
				GCC_DYNAMIC_NO_PIC = NO;
				GCC_NO_COMMON_BLOCKS = YES;
				GCC_OPTIMIZATION_LEVEL = 0;
				GCC_PREPROCESSOR_DEFINITIONS = (
					"DEBUG=1",
					"$(inherited)",
				);
				GCC_WARN_64_TO_32_BIT_CONVERSION = YES;
				GCC_WARN_ABOUT_RETURN_TYPE = YES_ERROR;
				GCC_WARN_UNDECLARED_SELECTOR = YES;
				GCC_WARN_UNINITIALIZED_AUTOS = YES_AGGRESSIVE;
				GCC_WARN_UNUSED_FUNCTION = YES;
				GCC_WARN_UNUSED_VARIABLE = YES;
				IPHONEOS_DEPLOYMENT_TARGET = 17.0;
				LOCALIZATION_PREFERS_STRING_CATALOGS = YES;
				MTL_ENABLE_DEBUG_INFO = INCLUDE_SOURCE;
				MTL_FAST_MATH = YES;
				ONLY_ACTIVE_ARCH = YES;
				SDKROOT = iphoneos;
				SWIFT_ACTIVE_COMPILATION_CONDITIONS = "DEBUG $(inherited)";
				SWIFT_OPTIMIZATION_LEVEL = "-Onone";
			};
			name = Debug;
		};
		AFA86FDC2B71260900977B0C /* Release */ = {
			isa = XCBuildConfiguration;
			buildSettings = {
				ALWAYS_SEARCH_USER_PATHS = NO;
				ASSETCATALOG_COMPILER_GENERATE_SWIFT_ASSET_SYMBOL_EXTENSIONS = YES;
				CLANG_ANALYZER_NONNULL = YES;
				CLANG_ANALYZER_NUMBER_OBJECT_CONVERSION = YES_AGGRESSIVE;
				CLANG_CXX_LANGUAGE_STANDARD = "gnu++20";
				CLANG_ENABLE_MODULES = YES;
				CLANG_ENABLE_OBJC_ARC = YES;
				CLANG_ENABLE_OBJC_WEAK = YES;
				CLANG_WARN_BLOCK_CAPTURE_AUTORELEASING = YES;
				CLANG_WARN_BOOL_CONVERSION = YES;
				CLANG_WARN_COMMA = YES;
				CLANG_WARN_CONSTANT_CONVERSION = YES;
				CLANG_WARN_DEPRECATED_OBJC_IMPLEMENTATIONS = YES;
				CLANG_WARN_DIRECT_OBJC_ISA_USAGE = YES_ERROR;
				CLANG_WARN_DOCUMENTATION_COMMENTS = YES;
				CLANG_WARN_EMPTY_BODY = YES;
				CLANG_WARN_ENUM_CONVERSION = YES;
				CLANG_WARN_INFINITE_RECURSION = YES;
				CLANG_WARN_INT_CONVERSION = YES;
				CLANG_WARN_NON_LITERAL_NULL_CONVERSION = YES;
				CLANG_WARN_OBJC_IMPLICIT_RETAIN_SELF = YES;
				CLANG_WARN_OBJC_LITERAL_CONVERSION = YES;
				CLANG_WARN_OBJC_ROOT_CLASS = YES_ERROR;
				CLANG_WARN_QUOTED_INCLUDE_IN_FRAMEWORK_HEADER = YES;
				CLANG_WARN_RANGE_LOOP_ANALYSIS = YES;
				CLANG_WARN_STRICT_PROTOTYPES = YES;
				CLANG_WARN_SUSPICIOUS_MOVE = YES;
				CLANG_WARN_UNGUARDED_AVAILABILITY = YES_AGGRESSIVE;
				CLANG_WARN_UNREACHABLE_CODE = YES;
				CLANG_WARN__DUPLICATE_METHOD_MATCH = YES;
				COPY_PHASE_STRIP = NO;
				DEBUG_INFORMATION_FORMAT = "dwarf-with-dsym";
				ENABLE_NS_ASSERTIONS = NO;
				ENABLE_STRICT_OBJC_MSGSEND = YES;
				ENABLE_USER_SCRIPT_SANDBOXING = YES;
				GCC_C_LANGUAGE_STANDARD = gnu17;
				GCC_NO_COMMON_BLOCKS = YES;
				GCC_WARN_64_TO_32_BIT_CONVERSION = YES;
				GCC_WARN_ABOUT_RETURN_TYPE = YES_ERROR;
				GCC_WARN_UNDECLARED_SELECTOR = YES;
				GCC_WARN_UNINITIALIZED_AUTOS = YES_AGGRESSIVE;
				GCC_WARN_UNUSED_FUNCTION = YES;
				GCC_WARN_UNUSED_VARIABLE = YES;
				IPHONEOS_DEPLOYMENT_TARGET = 17.0;
				LOCALIZATION_PREFERS_STRING_CATALOGS = YES;
				MTL_ENABLE_DEBUG_INFO = NO;
				MTL_FAST_MATH = YES;
				SDKROOT = iphoneos;
				SWIFT_COMPILATION_MODE = wholemodule;
				VALIDATE_PRODUCT = YES;
			};
			name = Release;
		};
		AFA86FDE2B71260900977B0C /* Debug */ = {
			isa = XCBuildConfiguration;
			buildSettings = {
				ASSETCATALOG_COMPILER_APPICON_NAME = AppIcon;
				ASSETCATALOG_COMPILER_GLOBAL_ACCENT_COLOR_NAME = AccentColor;
				CODE_SIGN_STYLE = Automatic;
				CURRENT_PROJECT_VERSION = 1;
				GENERATE_INFOPLIST_FILE = YES;
				INFOPLIST_FILE = ProgrammaticNavigation/Info.plist;
				INFOPLIST_KEY_UIApplicationSupportsIndirectInputEvents = YES;
				INFOPLIST_KEY_UILaunchStoryboardName = LaunchScreen;
				INFOPLIST_KEY_UISupportedInterfaceOrientations_iPad = "UIInterfaceOrientationPortrait UIInterfaceOrientationPortraitUpsideDown UIInterfaceOrientationLandscapeLeft UIInterfaceOrientationLandscapeRight";
				INFOPLIST_KEY_UISupportedInterfaceOrientations_iPhone = "UIInterfaceOrientationPortrait UIInterfaceOrientationLandscapeLeft UIInterfaceOrientationLandscapeRight";
				LD_RUNPATH_SEARCH_PATHS = (
					"$(inherited)",
					"@executable_path/Frameworks",
				);
				MARKETING_VERSION = 1.0;
				PRODUCT_BUNDLE_IDENTIFIER = resedat.ProgrammaticNavigation;
				PRODUCT_NAME = "$(TARGET_NAME)";
				SWIFT_EMIT_LOC_STRINGS = YES;
				SWIFT_VERSION = 5.0;
				TARGETED_DEVICE_FAMILY = "1,2";
			};
			name = Debug;
		};
		AFA86FDF2B71260900977B0C /* Release */ = {
			isa = XCBuildConfiguration;
			buildSettings = {
				ASSETCATALOG_COMPILER_APPICON_NAME = AppIcon;
				ASSETCATALOG_COMPILER_GLOBAL_ACCENT_COLOR_NAME = AccentColor;
				CODE_SIGN_STYLE = Automatic;
				CURRENT_PROJECT_VERSION = 1;
				GENERATE_INFOPLIST_FILE = YES;
				INFOPLIST_FILE = ProgrammaticNavigation/Info.plist;
				INFOPLIST_KEY_UIApplicationSupportsIndirectInputEvents = YES;
				INFOPLIST_KEY_UILaunchStoryboardName = LaunchScreen;
				INFOPLIST_KEY_UISupportedInterfaceOrientations_iPad = "UIInterfaceOrientationPortrait UIInterfaceOrientationPortraitUpsideDown UIInterfaceOrientationLandscapeLeft UIInterfaceOrientationLandscapeRight";
				INFOPLIST_KEY_UISupportedInterfaceOrientations_iPhone = "UIInterfaceOrientationPortrait UIInterfaceOrientationLandscapeLeft UIInterfaceOrientationLandscapeRight";
				LD_RUNPATH_SEARCH_PATHS = (
					"$(inherited)",
					"@executable_path/Frameworks",
				);
				MARKETING_VERSION = 1.0;
				PRODUCT_BUNDLE_IDENTIFIER = resedat.ProgrammaticNavigation;
				PRODUCT_NAME = "$(TARGET_NAME)";
				SWIFT_EMIT_LOC_STRINGS = YES;
				SWIFT_VERSION = 5.0;
				TARGETED_DEVICE_FAMILY = "1,2";
			};
			name = Release;
		};
/* End XCBuildConfiguration section */

/* Begin XCConfigurationList section */
		AFA86FC42B71260800977B0C /* Build configuration list for PBXProject "ProgrammaticNavigation" */ = {
			isa = XCConfigurationList;
			buildConfigurations = (
				AFA86FDB2B71260900977B0C /* Debug */,
				AFA86FDC2B71260900977B0C /* Release */,
			);
			defaultConfigurationIsVisible = 0;
			defaultConfigurationName = Release;
		};
		AFA86FDD2B71260900977B0C /* Build configuration list for PBXNativeTarget "ProgrammaticNavigation" */ = {
			isa = XCConfigurationList;
			buildConfigurations = (
				AFA86FDE2B71260900977B0C /* Debug */,
				AFA86FDF2B71260900977B0C /* Release */,
			);
			defaultConfigurationIsVisible = 0;
			defaultConfigurationName = Release;
		};
/* End XCConfigurationList section */
	};
	rootObject = AFA86FC12B71260800977B0C /* Project object */;
}
